// !$*UTF8*$!
{
	archiveVersion = 1;
	classes = {
	};
	objectVersion = 56;
	objects = {

/* Begin PBXBuildFile section */
		1F000BF82B2DED71003EE3D8 /* VenueFunctions.swift in Sources */ = {isa = PBXBuildFile; fileRef = 1F000BF72B2DED71003EE3D8 /* VenueFunctions.swift */; };
		1F44F0992B2CE5950030E67F /* brizlistApp.swift in Sources */ = {isa = PBXBuildFile; fileRef = 1F44F0982B2CE5950030E67F /* brizlistApp.swift */; };
		1F44F09B2B2CE5950030E67F /* ContentView.swift in Sources */ = {isa = PBXBuildFile; fileRef = 1F44F09A2B2CE5950030E67F /* ContentView.swift */; };
		1F44F09D2B2CE5960030E67F /* Assets.xcassets in Resources */ = {isa = PBXBuildFile; fileRef = 1F44F09C2B2CE5960030E67F /* Assets.xcassets */; };
		1F44F0A02B2CE5960030E67F /* Preview Assets.xcassets in Resources */ = {isa = PBXBuildFile; fileRef = 1F44F09F2B2CE5960030E67F /* Preview Assets.xcassets */; };
		1F44F0A72B2CE87D0030E67F /* GoogleService-Info.plist in Resources */ = {isa = PBXBuildFile; fileRef = 1F44F0A62B2CE87C0030E67F /* GoogleService-Info.plist */; };
		1F44F0AA2B2CE9F30030E67F /* FirebaseFirestore in Frameworks */ = {isa = PBXBuildFile; productRef = 1F44F0A92B2CE9F30030E67F /* FirebaseFirestore */; };
		1F44F0B02B2CEF9D0030E67F /* VenueDataModel.swift in Sources */ = {isa = PBXBuildFile; fileRef = 1F44F0AF2B2CEF9D0030E67F /* VenueDataModel.swift */; };
		1F44F0B22B2CEFD80030E67F /* VenueModel.swift in Sources */ = {isa = PBXBuildFile; fileRef = 1F44F0B12B2CEFD80030E67F /* VenueModel.swift */; };
		1F44F0B42B2CF0060030E67F /* VenueListView.swift in Sources */ = {isa = PBXBuildFile; fileRef = 1F44F0B32B2CF0060030E67F /* VenueListView.swift */; };
		1F44F0B62B2DBFC30030E67F /* VenueCardView.swift in Sources */ = {isa = PBXBuildFile; fileRef = 1F44F0B52B2DBFC30030E67F /* VenueCardView.swift */; };
		1F44F0B82B2DC0810030E67F /* MockData.swift in Sources */ = {isa = PBXBuildFile; fileRef = 1F44F0B72B2DC0810030E67F /* MockData.swift */; };
/* End PBXBuildFile section */

/* Begin PBXFileReference section */
		1F000BF72B2DED71003EE3D8 /* VenueFunctions.swift */ = {isa = PBXFileReference; lastKnownFileType = sourcecode.swift; path = VenueFunctions.swift; sourceTree = "<group>"; };
		1F44F0952B2CE5950030E67F /* brizlist.app */ = {isa = PBXFileReference; explicitFileType = wrapper.application; includeInIndex = 0; path = brizlist.app; sourceTree = BUILT_PRODUCTS_DIR; };
		1F44F0982B2CE5950030E67F /* brizlistApp.swift */ = {isa = PBXFileReference; lastKnownFileType = sourcecode.swift; path = brizlistApp.swift; sourceTree = "<group>"; };
		1F44F09A2B2CE5950030E67F /* ContentView.swift */ = {isa = PBXFileReference; lastKnownFileType = sourcecode.swift; path = ContentView.swift; sourceTree = "<group>"; };
		1F44F09C2B2CE5960030E67F /* Assets.xcassets */ = {isa = PBXFileReference; lastKnownFileType = folder.assetcatalog; path = Assets.xcassets; sourceTree = "<group>"; };
		1F44F09F2B2CE5960030E67F /* Preview Assets.xcassets */ = {isa = PBXFileReference; lastKnownFileType = folder.assetcatalog; path = "Preview Assets.xcassets"; sourceTree = "<group>"; };
		1F44F0A62B2CE87C0030E67F /* GoogleService-Info.plist */ = {isa = PBXFileReference; fileEncoding = 4; lastKnownFileType = text.plist.xml; path = "GoogleService-Info.plist"; sourceTree = "<group>"; };
		1F44F0AF2B2CEF9D0030E67F /* VenueDataModel.swift */ = {isa = PBXFileReference; lastKnownFileType = sourcecode.swift; path = VenueDataModel.swift; sourceTree = "<group>"; };
		1F44F0B12B2CEFD80030E67F /* VenueModel.swift */ = {isa = PBXFileReference; lastKnownFileType = sourcecode.swift; path = VenueModel.swift; sourceTree = "<group>"; };
		1F44F0B32B2CF0060030E67F /* VenueListView.swift */ = {isa = PBXFileReference; lastKnownFileType = sourcecode.swift; path = VenueListView.swift; sourceTree = "<group>"; };
		1F44F0B52B2DBFC30030E67F /* VenueCardView.swift */ = {isa = PBXFileReference; lastKnownFileType = sourcecode.swift; path = VenueCardView.swift; sourceTree = "<group>"; };
		1F44F0B72B2DC0810030E67F /* MockData.swift */ = {isa = PBXFileReference; lastKnownFileType = sourcecode.swift; path = MockData.swift; sourceTree = "<group>"; };
/* End PBXFileReference section */

/* Begin PBXFrameworksBuildPhase section */
		1F44F0922B2CE5950030E67F /* Frameworks */ = {
			isa = PBXFrameworksBuildPhase;
			buildActionMask = 2147483647;
			files = (
				1F44F0AA2B2CE9F30030E67F /* FirebaseFirestore in Frameworks */,
			);
			runOnlyForDeploymentPostprocessing = 0;
		};
/* End PBXFrameworksBuildPhase section */

/* Begin PBXGroup section */
		1F44F08C2B2CE5950030E67F = {
			isa = PBXGroup;
			children = (
				1F44F0972B2CE5950030E67F /* brizlist */,
				1F44F0962B2CE5950030E67F /* Products */,
			);
			sourceTree = "<group>";
		};
		1F44F0962B2CE5950030E67F /* Products */ = {
			isa = PBXGroup;
			children = (
				1F44F0952B2CE5950030E67F /* brizlist.app */,
			);
			name = Products;
			sourceTree = "<group>";
		};
		1F44F0972B2CE5950030E67F /* brizlist */ = {
			isa = PBXGroup;
			children = (
				1F44F0982B2CE5950030E67F /* brizlistApp.swift */,
				1F44F09A2B2CE5950030E67F /* ContentView.swift */,
				1F44F09C2B2CE5960030E67F /* Assets.xcassets */,
				1F44F0A62B2CE87C0030E67F /* GoogleService-Info.plist */,
				1F44F09E2B2CE5960030E67F /* Preview Content */,
				1F44F0AF2B2CEF9D0030E67F /* VenueDataModel.swift */,
				1F44F0B12B2CEFD80030E67F /* VenueModel.swift */,
				1F44F0B32B2CF0060030E67F /* VenueListView.swift */,
				1F44F0B52B2DBFC30030E67F /* VenueCardView.swift */,
				1F44F0B72B2DC0810030E67F /* MockData.swift */,
				1F000BF72B2DED71003EE3D8 /* VenueFunctions.swift */,
			);
			path = brizlist;
			sourceTree = "<group>";
		};
		1F44F09E2B2CE5960030E67F /* Preview Content */ = {
			isa = PBXGroup;
			children = (
				1F44F09F2B2CE5960030E67F /* Preview Assets.xcassets */,
			);
			path = "Preview Content";
			sourceTree = "<group>";
		};
/* End PBXGroup section */

/* Begin PBXNativeTarget section */
		1F44F0942B2CE5950030E67F /* brizlist */ = {
			isa = PBXNativeTarget;
			buildConfigurationList = 1F44F0A32B2CE5960030E67F /* Build configuration list for PBXNativeTarget "brizlist" */;
			buildPhases = (
				1F44F0912B2CE5950030E67F /* Sources */,
				1F44F0922B2CE5950030E67F /* Frameworks */,
				1F44F0932B2CE5950030E67F /* Resources */,
			);
			buildRules = (
			);
			dependencies = (
			);
			name = brizlist;
			packageProductDependencies = (
				1F44F0A92B2CE9F30030E67F /* FirebaseFirestore */,
			);
			productName = brizlist;
			productReference = 1F44F0952B2CE5950030E67F /* brizlist.app */;
			productType = "com.apple.product-type.application";
		};
/* End PBXNativeTarget section */

/* Begin PBXProject section */
		1F44F08D2B2CE5950030E67F /* Project object */ = {
			isa = PBXProject;
			attributes = {
				BuildIndependentTargetsInParallel = 1;
				LastSwiftUpdateCheck = 1510;
				LastUpgradeCheck = 1510;
				TargetAttributes = {
					1F44F0942B2CE5950030E67F = {
						CreatedOnToolsVersion = 15.1;
					};
				};
			};
			buildConfigurationList = 1F44F0902B2CE5950030E67F /* Build configuration list for PBXProject "brizlist" */;
			compatibilityVersion = "Xcode 14.0";
			developmentRegion = en;
			hasScannedForEncodings = 0;
			knownRegions = (
				en,
				Base,
			);
			mainGroup = 1F44F08C2B2CE5950030E67F;
			packageReferences = (
				1F44F0A82B2CE9F20030E67F /* XCRemoteSwiftPackageReference "firebase-ios-sdk" */,
			);
			productRefGroup = 1F44F0962B2CE5950030E67F /* Products */;
			projectDirPath = "";
			projectRoot = "";
			targets = (
				1F44F0942B2CE5950030E67F /* brizlist */,
			);
		};
/* End PBXProject section */

/* Begin PBXResourcesBuildPhase section */
		1F44F0932B2CE5950030E67F /* Resources */ = {
			isa = PBXResourcesBuildPhase;
			buildActionMask = 2147483647;
			files = (
				1F44F0A02B2CE5960030E67F /* Preview Assets.xcassets in Resources */,
				1F44F09D2B2CE5960030E67F /* Assets.xcassets in Resources */,
				1F44F0A72B2CE87D0030E67F /* GoogleService-Info.plist in Resources */,
			);
			runOnlyForDeploymentPostprocessing = 0;
		};
/* End PBXResourcesBuildPhase section */

/* Begin PBXSourcesBuildPhase section */
		1F44F0912B2CE5950030E67F /* Sources */ = {
			isa = PBXSourcesBuildPhase;
			buildActionMask = 2147483647;
			files = (
				1F44F0B62B2DBFC30030E67F /* VenueCardView.swift in Sources */,
				1F44F09B2B2CE5950030E67F /* ContentView.swift in Sources */,
				1F44F0B42B2CF0060030E67F /* VenueListView.swift in Sources */,
				1F000BF82B2DED71003EE3D8 /* VenueFunctions.swift in Sources */,
				1F44F0B02B2CEF9D0030E67F /* VenueDataModel.swift in Sources */,
				1F44F0B22B2CEFD80030E67F /* VenueModel.swift in Sources */,
				1F44F0B82B2DC0810030E67F /* MockData.swift in Sources */,
				1F44F0992B2CE5950030E67F /* brizlistApp.swift in Sources */,
			);
			runOnlyForDeploymentPostprocessing = 0;
		};
/* End PBXSourcesBuildPhase section */

/* Begin XCBuildConfiguration section */
		1F44F0A12B2CE5960030E67F /* Debug */ = {
			isa = XCBuildConfiguration;
			buildSettings = {
				ALWAYS_SEARCH_USER_PATHS = NO;
				ASSETCATALOG_COMPILER_GENERATE_SWIFT_ASSET_SYMBOL_EXTENSIONS = YES;
				CLANG_ANALYZER_NONNULL = YES;
				CLANG_ANALYZER_NUMBER_OBJECT_CONVERSION = YES_AGGRESSIVE;
				CLANG_CXX_LANGUAGE_STANDARD = "gnu++20";
				CLANG_ENABLE_MODULES = YES;
				CLANG_ENABLE_OBJC_ARC = YES;
				CLANG_ENABLE_OBJC_WEAK = YES;
				CLANG_WARN_BLOCK_CAPTURE_AUTORELEASING = YES;
				CLANG_WARN_BOOL_CONVERSION = YES;
				CLANG_WARN_COMMA = YES;
				CLANG_WARN_CONSTANT_CONVERSION = YES;
				CLANG_WARN_DEPRECATED_OBJC_IMPLEMENTATIONS = YES;
				CLANG_WARN_DIRECT_OBJC_ISA_USAGE = YES_ERROR;
				CLANG_WARN_DOCUMENTATION_COMMENTS = YES;
				CLANG_WARN_EMPTY_BODY = YES;
				CLANG_WARN_ENUM_CONVERSION = YES;
				CLANG_WARN_INFINITE_RECURSION = YES;
				CLANG_WARN_INT_CONVERSION = YES;
				CLANG_WARN_NON_LITERAL_NULL_CONVERSION = YES;
				CLANG_WARN_OBJC_IMPLICIT_RETAIN_SELF = YES;
				CLANG_WARN_OBJC_LITERAL_CONVERSION = YES;
				CLANG_WARN_OBJC_ROOT_CLASS = YES_ERROR;
				CLANG_WARN_QUOTED_INCLUDE_IN_FRAMEWORK_HEADER = YES;
				CLANG_WARN_RANGE_LOOP_ANALYSIS = YES;
				CLANG_WARN_STRICT_PROTOTYPES = YES;
				CLANG_WARN_SUSPICIOUS_MOVE = YES;
				CLANG_WARN_UNGUARDED_AVAILABILITY = YES_AGGRESSIVE;
				CLANG_WARN_UNREACHABLE_CODE = YES;
				CLANG_WARN__DUPLICATE_METHOD_MATCH = YES;
				COPY_PHASE_STRIP = NO;
				DEBUG_INFORMATION_FORMAT = dwarf;
				ENABLE_STRICT_OBJC_MSGSEND = YES;
				ENABLE_TESTABILITY = YES;
				ENABLE_USER_SCRIPT_SANDBOXING = YES;
				GCC_C_LANGUAGE_STANDARD = gnu17;
				GCC_DYNAMIC_NO_PIC = NO;
				GCC_NO_COMMON_BLOCKS = YES;
				GCC_OPTIMIZATION_LEVEL = 0;
				GCC_PREPROCESSOR_DEFINITIONS = (
					"DEBUG=1",
					"$(inherited)",
				);
				GCC_WARN_64_TO_32_BIT_CONVERSION = YES;
				GCC_WARN_ABOUT_RETURN_TYPE = YES_ERROR;
				GCC_WARN_UNDECLARED_SELECTOR = YES;
				GCC_WARN_UNINITIALIZED_AUTOS = YES_AGGRESSIVE;
				GCC_WARN_UNUSED_FUNCTION = YES;
				GCC_WARN_UNUSED_VARIABLE = YES;
				IPHONEOS_DEPLOYMENT_TARGET = 17.2;
				LOCALIZATION_PREFERS_STRING_CATALOGS = YES;
				MTL_ENABLE_DEBUG_INFO = INCLUDE_SOURCE;
				MTL_FAST_MATH = YES;
				ONLY_ACTIVE_ARCH = YES;
				SDKROOT = iphoneos;
				SWIFT_ACTIVE_COMPILATION_CONDITIONS = "DEBUG $(inherited)";
				SWIFT_OPTIMIZATION_LEVEL = "-Onone";
			};
			name = Debug;
		};
		1F44F0A22B2CE5960030E67F /* Release */ = {
			isa = XCBuildConfiguration;
			buildSettings = {
				ALWAYS_SEARCH_USER_PATHS = NO;
				ASSETCATALOG_COMPILER_GENERATE_SWIFT_ASSET_SYMBOL_EXTENSIONS = YES;
				CLANG_ANALYZER_NONNULL = YES;
				CLANG_ANALYZER_NUMBER_OBJECT_CONVERSION = YES_AGGRESSIVE;
				CLANG_CXX_LANGUAGE_STANDARD = "gnu++20";
				CLANG_ENABLE_MODULES = YES;
				CLANG_ENABLE_OBJC_ARC = YES;
				CLANG_ENABLE_OBJC_WEAK = YES;
				CLANG_WARN_BLOCK_CAPTURE_AUTORELEASING = YES;
				CLANG_WARN_BOOL_CONVERSION = YES;
				CLANG_WARN_COMMA = YES;
				CLANG_WARN_CONSTANT_CONVERSION = YES;
				CLANG_WARN_DEPRECATED_OBJC_IMPLEMENTATIONS = YES;
				CLANG_WARN_DIRECT_OBJC_ISA_USAGE = YES_ERROR;
				CLANG_WARN_DOCUMENTATION_COMMENTS = YES;
				CLANG_WARN_EMPTY_BODY = YES;
				CLANG_WARN_ENUM_CONVERSION = YES;
				CLANG_WARN_INFINITE_RECURSION = YES;
				CLANG_WARN_INT_CONVERSION = YES;
				CLANG_WARN_NON_LITERAL_NULL_CONVERSION = YES;
				CLANG_WARN_OBJC_IMPLICIT_RETAIN_SELF = YES;
				CLANG_WARN_OBJC_LITERAL_CONVERSION = YES;
				CLANG_WARN_OBJC_ROOT_CLASS = YES_ERROR;
				CLANG_WARN_QUOTED_INCLUDE_IN_FRAMEWORK_HEADER = YES;
				CLANG_WARN_RANGE_LOOP_ANALYSIS = YES;
				CLANG_WARN_STRICT_PROTOTYPES = YES;
				CLANG_WARN_SUSPICIOUS_MOVE = YES;
				CLANG_WARN_UNGUARDED_AVAILABILITY = YES_AGGRESSIVE;
				CLANG_WARN_UNREACHABLE_CODE = YES;
				CLANG_WARN__DUPLICATE_METHOD_MATCH = YES;
				COPY_PHASE_STRIP = NO;
				DEBUG_INFORMATION_FORMAT = "dwarf-with-dsym";
				ENABLE_NS_ASSERTIONS = NO;
				ENABLE_STRICT_OBJC_MSGSEND = YES;
				ENABLE_USER_SCRIPT_SANDBOXING = YES;
				GCC_C_LANGUAGE_STANDARD = gnu17;
				GCC_NO_COMMON_BLOCKS = YES;
				GCC_WARN_64_TO_32_BIT_CONVERSION = YES;
				GCC_WARN_ABOUT_RETURN_TYPE = YES_ERROR;
				GCC_WARN_UNDECLARED_SELECTOR = YES;
				GCC_WARN_UNINITIALIZED_AUTOS = YES_AGGRESSIVE;
				GCC_WARN_UNUSED_FUNCTION = YES;
				GCC_WARN_UNUSED_VARIABLE = YES;
				IPHONEOS_DEPLOYMENT_TARGET = 17.2;
				LOCALIZATION_PREFERS_STRING_CATALOGS = YES;
				MTL_ENABLE_DEBUG_INFO = NO;
				MTL_FAST_MATH = YES;
				SDKROOT = iphoneos;
				SWIFT_COMPILATION_MODE = wholemodule;
				VALIDATE_PRODUCT = YES;
			};
			name = Release;
		};
		1F44F0A42B2CE5960030E67F /* Debug */ = {
			isa = XCBuildConfiguration;
			buildSettings = {
				ASSETCATALOG_COMPILER_APPICON_NAME = AppIcon;
				ASSETCATALOG_COMPILER_GLOBAL_ACCENT_COLOR_NAME = AccentColor;
				CODE_SIGN_STYLE = Automatic;
				CURRENT_PROJECT_VERSION = 1;
				DEVELOPMENT_ASSET_PATHS = "\"brizlist/Preview Content\"";
				ENABLE_PREVIEWS = YES;
				GENERATE_INFOPLIST_FILE = YES;
				INFOPLIST_KEY_UIApplicationSceneManifest_Generation = YES;
				INFOPLIST_KEY_UIApplicationSupportsIndirectInputEvents = YES;
				INFOPLIST_KEY_UILaunchScreen_Generation = YES;
				INFOPLIST_KEY_UISupportedInterfaceOrientations_iPad = "UIInterfaceOrientationPortrait UIInterfaceOrientationPortraitUpsideDown UIInterfaceOrientationLandscapeLeft UIInterfaceOrientationLandscapeRight";
				INFOPLIST_KEY_UISupportedInterfaceOrientations_iPhone = "UIInterfaceOrientationPortrait UIInterfaceOrientationLandscapeLeft UIInterfaceOrientationLandscapeRight";
				LD_RUNPATH_SEARCH_PATHS = (
					"$(inherited)",
					"@executable_path/Frameworks",
				);
				MARKETING_VERSION = 1.0;
				PRODUCT_BUNDLE_IDENTIFIER = com.stevolution.brizlist;
				PRODUCT_NAME = "$(TARGET_NAME)";
				SWIFT_EMIT_LOC_STRINGS = YES;
				SWIFT_VERSION = 5.0;
				TARGETED_DEVICE_FAMILY = "1,2";
			};
			name = Debug;
		};
		1F44F0A52B2CE5960030E67F /* Release */ = {
			isa = XCBuildConfiguration;
			buildSettings = {
				ASSETCATALOG_COMPILER_APPICON_NAME = AppIcon;
				ASSETCATALOG_COMPILER_GLOBAL_ACCENT_COLOR_NAME = AccentColor;
				CODE_SIGN_STYLE = Automatic;
				CURRENT_PROJECT_VERSION = 1;
				DEVELOPMENT_ASSET_PATHS = "\"brizlist/Preview Content\"";
				ENABLE_PREVIEWS = YES;
				GENERATE_INFOPLIST_FILE = YES;
				INFOPLIST_KEY_UIApplicationSceneManifest_Generation = YES;
				INFOPLIST_KEY_UIApplicationSupportsIndirectInputEvents = YES;
				INFOPLIST_KEY_UILaunchScreen_Generation = YES;
				INFOPLIST_KEY_UISupportedInterfaceOrientations_iPad = "UIInterfaceOrientationPortrait UIInterfaceOrientationPortraitUpsideDown UIInterfaceOrientationLandscapeLeft UIInterfaceOrientationLandscapeRight";
				INFOPLIST_KEY_UISupportedInterfaceOrientations_iPhone = "UIInterfaceOrientationPortrait UIInterfaceOrientationLandscapeLeft UIInterfaceOrientationLandscapeRight";
				LD_RUNPATH_SEARCH_PATHS = (
					"$(inherited)",
					"@executable_path/Frameworks",
				);
				MARKETING_VERSION = 1.0;
				PRODUCT_BUNDLE_IDENTIFIER = com.stevolution.brizlist;
				PRODUCT_NAME = "$(TARGET_NAME)";
				SWIFT_EMIT_LOC_STRINGS = YES;
				SWIFT_VERSION = 5.0;
				TARGETED_DEVICE_FAMILY = "1,2";
			};
			name = Release;
		};
/* End XCBuildConfiguration section */

/* Begin XCConfigurationList section */
		1F44F0902B2CE5950030E67F /* Build configuration list for PBXProject "brizlist" */ = {
			isa = XCConfigurationList;
			buildConfigurations = (
				1F44F0A12B2CE5960030E67F /* Debug */,
				1F44F0A22B2CE5960030E67F /* Release */,
			);
			defaultConfigurationIsVisible = 0;
			defaultConfigurationName = Release;
		};
		1F44F0A32B2CE5960030E67F /* Build configuration list for PBXNativeTarget "brizlist" */ = {
			isa = XCConfigurationList;
			buildConfigurations = (
				1F44F0A42B2CE5960030E67F /* Debug */,
				1F44F0A52B2CE5960030E67F /* Release */,
			);
			defaultConfigurationIsVisible = 0;
			defaultConfigurationName = Release;
		};
/* End XCConfigurationList section */

/* Begin XCRemoteSwiftPackageReference section */
		1F44F0A82B2CE9F20030E67F /* XCRemoteSwiftPackageReference "firebase-ios-sdk" */ = {
			isa = XCRemoteSwiftPackageReference;
			repositoryURL = "https://github.com/firebase/firebase-ios-sdk";
			requirement = {
				kind = upToNextMajorVersion;
				minimumVersion = 10.19.1;
			};
		};
/* End XCRemoteSwiftPackageReference section */

/* Begin XCSwiftPackageProductDependency section */
		1F44F0A92B2CE9F30030E67F /* FirebaseFirestore */ = {
			isa = XCSwiftPackageProductDependency;
			package = 1F44F0A82B2CE9F20030E67F /* XCRemoteSwiftPackageReference "firebase-ios-sdk" */;
			productName = FirebaseFirestore;
		};
/* End XCSwiftPackageProductDependency section */
	};
	rootObject = 1F44F08D2B2CE5950030E67F /* Project object */;
}
